{
  "name": "yesj-root",
  "lockfileVersion": 3,
  "requires": true,
  "packages": {
    "": {
      "dependencies": {
        "slate-history": "^0.110.3",
        "slate-md-serializer": "^5.5.4"
      }
    },
    "node_modules/hashtag-regex": {
      "version": "2.2.0",
      "resolved": "https://registry.npmjs.org/hashtag-regex/-/hashtag-regex-2.2.0.tgz",
      "integrity": "sha512-9y6y4WgU40gdj8OXW5btOP14U/wPuGbd+0MLRJEkvvXayettkCHLiWKpHUp2IOCtefpCTkrHlYF8F1ZW/n/6tQ==",
      "license": "MIT"
    },
    "node_modules/immer": {
      "version": "10.1.1",
      "resolved": "https://registry.npmjs.org/immer/-/immer-10.1.1.tgz",
      "integrity": "sha512-s2MPrmjovJcoMaHtx6K11Ra7oD05NT97w1IC5zpMkT6Atjr7H8LjaDd81iIxUYpMKSRRNMJE703M1Fhr/TctHw==",
      "license": "MIT",
      "peer": true,
      "funding": {
        "type": "opencollective",
        "url": "https://opencollective.com/immer"
      }
    },
    "node_modules/immutable": {
      "version": "5.0.3",
      "resolved": "https://registry.npmjs.org/immutable/-/immutable-5.0.3.tgz",
      "integrity": "sha512-P8IdPQHq3lA1xVeBRi5VPqUm5HDgKnx0Ru51wZz5mjxHr5n3RWhjIpOFU7ybkUxfB+5IToy+OLaHYDBIWsv+uw==",
      "license": "MIT",
      "peer": true
    },
    "node_modules/is-plain-object": {
      "version": "5.0.0",
      "resolved": "https://registry.npmjs.org/is-plain-object/-/is-plain-object-5.0.0.tgz",
      "integrity": "sha512-VRSzKkbMm5jMDoKLbltAkFQ5Qr7VDiTFGXxYFXXowVj387GeGNOCsOH6Msy00SGZ3Fp84b1Naa1psqgcCIEP5Q==",
      "license": "MIT",
      "engines": {
        "node": ">=0.10.0"
      }
    },
    "node_modules/slate": {
      "version": "0.112.0",
      "resolved": "https://registry.npmjs.org/slate/-/slate-0.112.0.tgz",
      "integrity": "sha512-PRnfFgDA3tSop4OH47zu4M1R4Uuhm/AmASu29Qp7sGghVFb713kPBKEnSf1op7Lx/nCHkRlCa3ThfHtCBy+5Yw==",
      "license": "MIT",
      "peer": true,
      "dependencies": {
        "immer": "^10.0.3",
        "is-plain-object": "^5.0.0",
        "tiny-warning": "^1.0.3"
      }
    },
    "node_modules/slate-history": {
      "version": "0.110.3",
      "resolved": "https://registry.npmjs.org/slate-history/-/slate-history-0.110.3.tgz",
      "integrity": "sha512-sgdff4Usdflmw5ZUbhDkxFwCBQ2qlDKMMkF93w66KdV48vHOgN2BmLrf+2H8SdX8PYIpP/cTB0w8qWC2GwhDVA==",
      "license": "MIT",
      "dependencies": {
        "is-plain-object": "^5.0.0"
      },
      "peerDependencies": {
        "slate": ">=0.65.3"
      }
    },
    "node_modules/slate-md-serializer": {
      "version": "5.5.4",
      "resolved": "https://registry.npmjs.org/slate-md-serializer/-/slate-md-serializer-5.5.4.tgz",
      "integrity": "sha512-qDRUsY0QEa5NWE8MRkCWVQxKvStFY31icsv2Ar24rJIHznS6nnsn8ZHmcTGtAiHUwYFuTT2jNLpkN6iDml+qMw==",
      "license": "MIT",
      "dependencies": {
        "hashtag-regex": "^2.0.0"
      },
      "peerDependencies": {
        "immutable": ">=3.0.0",
        "slate": ">=0.34.0"
      }
    },
    "node_modules/tiny-warning": {
      "version": "1.0.3",
      "resolved": "https://registry.npmjs.org/tiny-warning/-/tiny-warning-1.0.3.tgz",
      "integrity": "sha512-lBN9zLN/oAf68o3zNXYrdCt1kP8WsiGW8Oo2ka41b2IM5JL/S1CTyX1rW0mb/zSuJun0ZUrDxx4sqvYS2FWzPA==",
      "license": "MIT",
      "peer": true
    }
  }
}
